
Microsoft Visual Studio Solution File, Format Version 12.00
# Visual Studio Version 16
VisualStudioVersion = 16.0.30503.244
MinimumVisualStudioVersion = 10.0.40219.1
Project("{D2ABAB84-BF74-430A-B69E-9DC6D40DDA17}") = "Analysis Services Tutorial", "Analysis Services Tutorial\Analysis Services Tutorial.dwproj", "{602F553F-A382-4659-9053-96B674948A43}"
EndProject
Global
	GlobalSection(SolutionConfigurationPlatforms) = preSolution
		Development|Default = Development|Default
	EndGlobalSection
	GlobalSection(ProjectConfigurationPlatforms) = postSolution
		{602F553F-A382-4659-9053-96B674948A43}.Development|Default.ActiveCfg = Development
		{602F553F-A382-4659-9053-96B674948A43}.Development|Default.Build.0 = Development
		{602F553F-A382-4659-9053-96B674948A43}.Development|Default.Deploy.0 = Development
	EndGlobalSection
	GlobalSection(SolutionProperties) = preSolution
		HideSolutionNode = FALSE
	EndGlobalSection
	GlobalSection(ExtensibilityGlobals) = postSolution
		SolutionGuid = {2B0C8FF0-6112-4A93-ADB2-FA782A54DC5B}
	EndGlobalSection
EndGlobal
